Microsoft Visual Studio Solution File, Format Version 12.00
# Visual Studio Version 17
VisualStudioVersion = 17.0.31903.59
MinimumVisualStudioVersion = 10.0.40219.1
Project("{9A19103F-16F7-4668-BE54-9A1E7A4F7556}") = "SmartBank", "SmartBank.csproj", "{8F1E1B64-3286-4F25-8B90-D0EB8B3D37F1}"
EndProject
Project("{9A19103F-16F7-4668-BE54-9A1E7A4F7556}") = "SmartBank.Client", "SmartBank.Client\SmartBank.Client.csproj", "{47C04543-094C-4EC2-8B04-F75765AE52F4}"
EndProject
Global
	GlobalSection(SolutionConfigurationPlatforms) = preSolution
		Debug|Any CPU = Debug|Any CPU
		Release|Any CPU = Release|Any CPU
	EndGlobalSection
	GlobalSection(ProjectConfigurationPlatforms) = postSolution
		{8F1E1B64-3286-4F25-8B90-D0EB8B3D37F1}.Debug|Any CPU.ActiveCfg = Debug|Any CPU
		{8F1E1B64-3286-4F25-8B90-D0EB8B3D37F1}.Debug|Any CPU.Build.0 = Debug|Any CPU
		{8F1E1B64-3286-4F25-8B90-D0EB8B3D37F1}.Release|Any CPU.ActiveCfg = Release|Any CPU
		{8F1E1B64-3286-4F25-8B90-D0EB8B3D37F1}.Release|Any CPU.Build.0 = Release|Any CPU
		{47C04543-094C-4EC2-8B04-F75765AE52F4}.Debug|Any CPU.ActiveCfg = Debug|Any CPU
		{47C04543-094C-4EC2-8B04-F75765AE52F4}.Debug|Any CPU.Build.0 = Debug|Any CPU
		{47C04543-094C-4EC2-8B04-F75765AE52F4}.Release|Any CPU.ActiveCfg = Release|Any CPU
		{47C04543-094C-4EC2-8B04-F75765AE52F4}.Release|Any CPU.Build.0 = Release|Any CPU
	EndGlobalSection
	GlobalSection(SolutionProperties) = preSolution
		HideSolutionNode = FALSE
	EndGlobalSection
EndGlobal
